
Microsoft Visual Studio Solution File, Format Version 12.00
# Visual Studio Version 17
VisualStudioVersion = 17.6.33815.320
MinimumVisualStudioVersion = 10.0.40219.1
Project("{FAE04EC0-301F-11D3-BF4B-00C04F79EFBC}") = "daggoetest", "daggoetest\daggoetest.csproj", "{67DC18E1-E0E8-4529-8A73-876E295CC772}"
EndProject
Global
	GlobalSection(SolutionConfigurationPlatforms) = preSolution
		Debug|Any CPU = Debug|Any CPU
		Release|Any CPU = Release|Any CPU
	EndGlobalSection
	GlobalSection(ProjectConfigurationPlatforms) = postSolution
		{67DC18E1-E0E8-4529-8A73-876E295CC772}.Debug|Any CPU.ActiveCfg = Debug|Any CPU
		{67DC18E1-E0E8-4529-8A73-876E295CC772}.Debug|Any CPU.Build.0 = Debug|Any CPU
		{67DC18E1-E0E8-4529-8A73-876E295CC772}.Release|Any CPU.ActiveCfg = Release|Any CPU
		{67DC18E1-E0E8-4529-8A73-876E295CC772}.Release|Any CPU.Build.0 = Release|Any CPU
	EndGlobalSection
	GlobalSection(SolutionProperties) = preSolution
		HideSolutionNode = FALSE
	EndGlobalSection
	GlobalSection(ExtensibilityGlobals) = postSolution
		SolutionGuid = {64743070-69D0-41B2-8623-54DC3E6F6AD2}
	EndGlobalSection
EndGlobal
